
Microsoft Visual Studio Solution File, Format Version 12.00
# Visual Studio 14
VisualStudioVersion = 14.0.24720.0
MinimumVisualStudioVersion = 10.0.40219.1
Project("{FAE04EC0-301F-11D3-BF4B-00C04F79EFBC}") = "FusePOC.Web", "FusePOC\FusePOC.Web.csproj", "{51948C23-760D-4853-A12A-DA9131967FB4}"
EndProject
Project("{FAE04EC0-301F-11D3-BF4B-00C04F79EFBC}") = "FusePOC.WebApi", "FusePOC.WebApi\FusePOC.WebApi.csproj", "{C7E57E7A-2193-40BF-83D9-02CBF5CE87C3}"
EndProject
Project("{FAE04EC0-301F-11D3-BF4B-00C04F79EFBC}") = "FusePOC.Common", "FusePOC.Common\FusePOC.Common.csproj", "{6B4C813B-A5E0-494E-9FBF-F9E8C0670707}"
EndProject
Project("{FAE04EC0-301F-11D3-BF4B-00C04F79EFBC}") = "FusePOC.Server", "FUsePOC.Server\FusePOC.Server.csproj", "{14E7A84D-F5FA-439D-AD98-413C2CD0ADC7}"
EndProject
Global
	GlobalSection(SolutionConfigurationPlatforms) = preSolution
		Debug|Any CPU = Debug|Any CPU
		Release|Any CPU = Release|Any CPU
	EndGlobalSection
	GlobalSection(ProjectConfigurationPlatforms) = postSolution
		{51948C23-760D-4853-A12A-DA9131967FB4}.Debug|Any CPU.ActiveCfg = Debug|Any CPU
		{51948C23-760D-4853-A12A-DA9131967FB4}.Debug|Any CPU.Build.0 = Debug|Any CPU
		{51948C23-760D-4853-A12A-DA9131967FB4}.Release|Any CPU.ActiveCfg = Release|Any CPU
		{51948C23-760D-4853-A12A-DA9131967FB4}.Release|Any CPU.Build.0 = Release|Any CPU
		{C7E57E7A-2193-40BF-83D9-02CBF5CE87C3}.Debug|Any CPU.ActiveCfg = Debug|Any CPU
		{C7E57E7A-2193-40BF-83D9-02CBF5CE87C3}.Debug|Any CPU.Build.0 = Debug|Any CPU
		{C7E57E7A-2193-40BF-83D9-02CBF5CE87C3}.Release|Any CPU.ActiveCfg = Release|Any CPU
		{C7E57E7A-2193-40BF-83D9-02CBF5CE87C3}.Release|Any CPU.Build.0 = Release|Any CPU
		{6B4C813B-A5E0-494E-9FBF-F9E8C0670707}.Debug|Any CPU.ActiveCfg = Debug|Any CPU
		{6B4C813B-A5E0-494E-9FBF-F9E8C0670707}.Debug|Any CPU.Build.0 = Debug|Any CPU
		{6B4C813B-A5E0-494E-9FBF-F9E8C0670707}.Release|Any CPU.ActiveCfg = Release|Any CPU
		{6B4C813B-A5E0-494E-9FBF-F9E8C0670707}.Release|Any CPU.Build.0 = Release|Any CPU
		{14E7A84D-F5FA-439D-AD98-413C2CD0ADC7}.Debug|Any CPU.ActiveCfg = Debug|Any CPU
		{14E7A84D-F5FA-439D-AD98-413C2CD0ADC7}.Debug|Any CPU.Build.0 = Debug|Any CPU
		{14E7A84D-F5FA-439D-AD98-413C2CD0ADC7}.Release|Any CPU.ActiveCfg = Release|Any CPU
		{14E7A84D-F5FA-439D-AD98-413C2CD0ADC7}.Release|Any CPU.Build.0 = Release|Any CPU
	EndGlobalSection
	GlobalSection(SolutionProperties) = preSolution
		HideSolutionNode = FALSE
	EndGlobalSection
EndGlobal
